github.com/go-ole/go-ole v1.2.4 h1:nNBDSCOigTSiarFpYE9J/KtEA1IOW4CNeqT9TQDqCxI=
github.com/go-ole/go-ole v1.2.4/go.mod h1:XCwSNxSkXRo4vlyPy93sltvi/qJq0jqQhjqQNIwKuxM=
github.com/google/uuid v1.1.1 h1:Gkbcsh/GbpXz7lPftLA3P6TYMwjCLYm83jiFQZF/3gY=
github.com/google/uuid v1.1.1/go.mod h1:TIyPZe4MgqvfeYDBFedMoGGpEw/LqOeaOT+nhxU+yHo=
github.com/harry1453/go-common-file-dialog v1.1.0 h1:FeOxoxxsf07FxkGee3oSk5NIAL9U2k1Ibt4T7LhkJZ0=
github.com/harry1453/go-common-file-dialog v1.1.0/go.mod h1:3zwmbo7fy+uYGyaec74mu+Z9DPg0aEt10fSjjPwfyiY=
